
Microsoft Visual Studio Solution File, Format Version 12.00
# Visual Studio Version 16
VisualStudioVersion = 16.0.30804.86
MinimumVisualStudioVersion = 10.0.40219.1
Project("{888888A0-9F3D-457C-B088-3A5042F75D52}") = "Figurki", "Figurki\Figurki.pyproj", "{CA624164-36FF-4EB0-BE4E-907557A4DD69}"
EndProject
Global
	GlobalSection(SolutionConfigurationPlatforms) = preSolution
		Debug|Any CPU = Debug|Any CPU
		Release|Any CPU = Release|Any CPU
	EndGlobalSection
	GlobalSection(ProjectConfigurationPlatforms) = postSolution
		{CA624164-36FF-4EB0-BE4E-907557A4DD69}.Debug|Any CPU.ActiveCfg = Debug|Any CPU
		{CA624164-36FF-4EB0-BE4E-907557A4DD69}.Release|Any CPU.ActiveCfg = Release|Any CPU
	EndGlobalSection
	GlobalSection(SolutionProperties) = preSolution
		HideSolutionNode = FALSE
	EndGlobalSection
	GlobalSection(ExtensibilityGlobals) = postSolution
		SolutionGuid = {2A6FD316-187A-44B2-874F-8CC49E037DE8}
	EndGlobalSection
EndGlobal
